
Microsoft Visual Studio Solution File, Format Version 12.00
# Visual Studio Version 16
VisualStudioVersion = 16.0.29424.173
MinimumVisualStudioVersion = 10.0.40219.1
Project("{FAE04EC0-301F-11D3-BF4B-00C04F79EFBC}") = "Merge Sort", "Merge Sort\Merge Sort.csproj", "{5E2D6760-32C3-450D-BFAF-D7D5697E57A0}"
EndProject
Global
	GlobalSection(SolutionConfigurationPlatforms) = preSolution
		Debug|Any CPU = Debug|Any CPU
		Release|Any CPU = Release|Any CPU
	EndGlobalSection
	GlobalSection(ProjectConfigurationPlatforms) = postSolution
		{5E2D6760-32C3-450D-BFAF-D7D5697E57A0}.Debug|Any CPU.ActiveCfg = Debug|Any CPU
		{5E2D6760-32C3-450D-BFAF-D7D5697E57A0}.Debug|Any CPU.Build.0 = Debug|Any CPU
		{5E2D6760-32C3-450D-BFAF-D7D5697E57A0}.Release|Any CPU.ActiveCfg = Release|Any CPU
		{5E2D6760-32C3-450D-BFAF-D7D5697E57A0}.Release|Any CPU.Build.0 = Release|Any CPU
	EndGlobalSection
	GlobalSection(SolutionProperties) = preSolution
		HideSolutionNode = FALSE
	EndGlobalSection
	GlobalSection(ExtensibilityGlobals) = postSolution
		SolutionGuid = {0F5DD085-1086-482D-B53F-754C14482BDF}
	EndGlobalSection
EndGlobal
